PODS:
  - audioplayers_darwin (0.0.1):
    - FlutterMacOS
  - device_info_plus (0.0.1):
    - FlutterMacOS
  - file_picker (0.0.1):
    - FlutterMacOS
  - flutter_tts (0.0.1):
    - FlutterMacOS
  - FlutterMacOS (1.0.0)
  - gal (1.0.0):
    - Flutter
    - FlutterMacOS
  - path_provider_foundation (0.0.1):
    - Flutter
    - FlutterMacOS
  - sqflite_darwin (0.0.4):
    - Flutter
    - FlutterMacOS
  - url_launcher_macos (0.0.1):
    - FlutterMacOS

DEPENDENCIES:
  - audioplayers_darwin (from `Flutter/ephemeral/.symlinks/plugins/audioplayers_darwin/macos`)
  - device_info_plus (from `Flutter/ephemeral/.symlinks/plugins/device_info_plus/macos`)
  - file_picker (from `Flutter/ephemeral/.symlinks/plugins/file_picker/macos`)
  - flutter_tts (from `Flutter/ephemeral/.symlinks/plugins/flutter_tts/macos`)
  - FlutterMacOS (from `Flutter/ephemeral`)
  - gal (from `Flutter/ephemeral/.symlinks/plugins/gal/darwin`)
  - path_provider_foundation (from `Flutter/ephemeral/.symlinks/plugins/path_provider_foundation/darwin`)
  - sqflite_darwin (from `Flutter/ephemeral/.symlinks/plugins/sqflite_darwin/darwin`)
  - url_launcher_macos (from `Flutter/ephemeral/.symlinks/plugins/url_launcher_macos/macos`)

EXTERNAL SOURCES:
  audioplayers_darwin:
    :path: Flutter/ephemeral/.symlinks/plugins/audioplayers_darwin/macos
  device_info_plus:
    :path: Flutter/ephemeral/.symlinks/plugins/device_info_plus/macos
  file_picker:
    :path: Flutter/ephemeral/.symlinks/plugins/file_picker/macos
  flutter_tts:
    :path: Flutter/ephemeral/.symlinks/plugins/flutter_tts/macos
  FlutterMacOS:
    :path: Flutter/ephemeral
  gal:
    :path: Flutter/ephemeral/.symlinks/plugins/gal/darwin
  path_provider_foundation:
    :path: Flutter/ephemeral/.symlinks/plugins/path_provider_foundation/darwin
  sqflite_darwin:
    :path: Flutter/ephemeral/.symlinks/plugins/sqflite_darwin/darwin
  url_launcher_macos:
    :path: Flutter/ephemeral/.symlinks/plugins/url_launcher_macos/macos

SPEC CHECKSUMS:
  audioplayers_darwin: dcad41de4fbd0099cb3749f7ab3b0cb8f70b810c
  device_info_plus: 1b14eed9bf95428983aed283a8d51cce3d8c4215
  file_picker: e716a70a9fe5fd9e09ebc922d7541464289443af
  flutter_tts: 64651204e5d276ffea5a910f942d5e9785a96085
  FlutterMacOS: 8f6f14fa908a6fb3fba0cd85dbd81ec4b251fb24
  gal: 6a522c75909f1244732d4596d11d6a2f86ff37a5
  path_provider_foundation: 2b6b4c569c0fb62ec74538f866245ac84301af46
  sqflite_darwin: 5a7236e3b501866c1c9befc6771dfd73ffb8702d
  url_launcher_macos: c82c93949963e55b228a30115bd219499a6fe404

PODFILE CHECKSUM: c2e95c8c0fe03c5c57e438583cae4cc732296009

COCOAPODS: 1.16.2
